
Microsoft Visual Studio Solution File, Format Version 12.00
# Visual Studio Version 17
VisualStudioVersion = 17.12.35514.174
MinimumVisualStudioVersion = 10.0.40219.1
Project("{FAE04EC0-301F-11D3-BF4B-00C04F79EFBC}") = "Q1_Solution", "Q1_Solution.csproj", "{E3370F5B-C5D6-4C62-8AD5-99ED6F2E0F90}"
EndProject
Global
	GlobalSection(SolutionConfigurationPlatforms) = preSolution
		Debug|Any CPU = Debug|Any CPU
		Release|Any CPU = Release|Any CPU
	EndGlobalSection
	GlobalSection(ProjectConfigurationPlatforms) = postSolution
		{E3370F5B-C5D6-4C62-8AD5-99ED6F2E0F90}.Debug|Any CPU.ActiveCfg = Debug|Any CPU
		{E3370F5B-C5D6-4C62-8AD5-99ED6F2E0F90}.Debug|Any CPU.Build.0 = Debug|Any CPU
		{E3370F5B-C5D6-4C62-8AD5-99ED6F2E0F90}.Release|Any CPU.ActiveCfg = Release|Any CPU
		{E3370F5B-C5D6-4C62-8AD5-99ED6F2E0F90}.Release|Any CPU.Build.0 = Release|Any CPU
	EndGlobalSection
	GlobalSection(SolutionProperties) = preSolution
		HideSolutionNode = FALSE
	EndGlobalSection
EndGlobal
